
Microsoft Visual Studio Solution File, Format Version 12.00
# Visual Studio 15
VisualStudioVersion = 15.0.27703.2047
MinimumVisualStudioVersion = 10.0.40219.1
Project("{FAE04EC0-301F-11D3-BF4B-00C04F79EFBC}") = "OSVersionWMI", "OSVersionWMI\OSVersionWMI.csproj", "{5945357F-C20E-442E-9953-12E600B7636D}"
EndProject
Global
	GlobalSection(SolutionConfigurationPlatforms) = preSolution
		Debug|Any CPU = Debug|Any CPU
		Release|Any CPU = Release|Any CPU
	EndGlobalSection
	GlobalSection(ProjectConfigurationPlatforms) = postSolution
		{5945357F-C20E-442E-9953-12E600B7636D}.Debug|Any CPU.ActiveCfg = Debug|Any CPU
		{5945357F-C20E-442E-9953-12E600B7636D}.Debug|Any CPU.Build.0 = Debug|Any CPU
		{5945357F-C20E-442E-9953-12E600B7636D}.Release|Any CPU.ActiveCfg = Release|Any CPU
		{5945357F-C20E-442E-9953-12E600B7636D}.Release|Any CPU.Build.0 = Release|Any CPU
	EndGlobalSection
	GlobalSection(SolutionProperties) = preSolution
		HideSolutionNode = FALSE
	EndGlobalSection
	GlobalSection(ExtensibilityGlobals) = postSolution
		SolutionGuid = {313503D5-F19C-4996-A4C2-CC3E4219F54D}
	EndGlobalSection
EndGlobal
